
Microsoft Visual Studio Solution File, Format Version 12.00
# Visual Studio Version 17
VisualStudioVersion = 17.9.34622.214
MinimumVisualStudioVersion = 10.0.40219.1
Project("{FAE04EC0-301F-11D3-BF4B-00C04F79EFBC}") = "SmartMoon.MVC", "SmartMoon.MVC\SmartMoon.MVC.csproj", "{3A455248-88C8-4A5F-9D3D-8FAF7F3ABCE3}"
EndProject
Global
	GlobalSection(SolutionConfigurationPlatforms) = preSolution
		Debug|Any CPU = Debug|Any CPU
		Release|Any CPU = Release|Any CPU
	EndGlobalSection
	GlobalSection(ProjectConfigurationPlatforms) = postSolution
		{3A455248-88C8-4A5F-9D3D-8FAF7F3ABCE3}.Debug|Any CPU.ActiveCfg = Debug|Any CPU
		{3A455248-88C8-4A5F-9D3D-8FAF7F3ABCE3}.Debug|Any CPU.Build.0 = Debug|Any CPU
		{3A455248-88C8-4A5F-9D3D-8FAF7F3ABCE3}.Release|Any CPU.ActiveCfg = Release|Any CPU
		{3A455248-88C8-4A5F-9D3D-8FAF7F3ABCE3}.Release|Any CPU.Build.0 = Release|Any CPU
	EndGlobalSection
	GlobalSection(SolutionProperties) = preSolution
		HideSolutionNode = FALSE
	EndGlobalSection
	GlobalSection(ExtensibilityGlobals) = postSolution
		SolutionGuid = {C7ABFFEA-09AB-4858-A78B-CD00411A56FC}
	EndGlobalSection
EndGlobal
